# This file is automatically @generated by Poetry 1.8.3 and should not be changed by hand.

[[package]]
name = "basedpyright"
version = "1.17.0"
description = "static type checking for Python (but based)"
optional = false
python-versions = ">=3.8"
files = [
    {file = "basedpyright-1.17.0-py3-none-any.whl", hash = "sha256:a7e070be5d3930223df0a435590932fbc114242b7f8d1723c5d717754e7a3b4e"},
    {file = "basedpyright-1.17.0.tar.gz", hash = "sha256:79e2740156a040fdc68e4372940f40694375ef7e4a0ca70bacf8910af08717e0"},
]

[package.dependencies]
nodejs-wheel-binaries = ">=20.13.1"

[[package]]
name = "colorama"
version = "0.4.6"
description = "Cross-platform colored terminal text."
optional = false
python-versions = "!=3.0.*,!=3.1.*,!=3.2.*,!=3.3.*,!=3.4.*,!=3.5.*,!=3.6.*,>=2.7"
files = [
    {file = "colorama-0.4.6-py2.py3-none-any.whl", hash = "sha256:4f1d9991f5acc0ca119f9d443620b77f9d6b33703e51011c16baf57afb285fc6"},
    {file = "colorama-0.4.6.tar.gz", hash = "sha256:08695f5cb7ed6e0531a20572697297273c47b8cae5a63ffc6d6ed5c201be6e44"},
]

[[package]]
name = "filecheck"
version = "1.0.0"
description = "A Python-native clone of LLVMs FileCheck tool"
optional = false
python-versions = "<4.0,>=3.10"
files = [
    {file = "filecheck-1.0.0-py3-none-any.whl", hash = "sha256:0d44ad29652a3f914a80806b8874cbf77ccc9023e0fb24f0dd94700a22248224"},
    {file = "filecheck-1.0.0.tar.gz", hash = "sha256:b37ec8cc1733d2138490588dbceabf90666868a00e191b8ae066436f0796380a"},
]

[[package]]
name = "filecheckize"
version = "0.1"
description = "FileCheck generator"
optional = false
python-versions = "*"
files = [
    {file = "filecheckize-0.1-py3-none-any.whl", hash = "sha256:78b6f94364c512bcf73eb4f14539ff494cc313650827d823eac8ceb7f3c76b0c"},
    {file = "filecheckize-0.1.tar.gz", hash = "sha256:cc4aabf0e0036d268e31db3f44c0f1179572f70691155c991ee8b7430889515c"},
]

[package.dependencies]
pip = "<25.0"

[package.extras]
extras = ["black (<24.5)", "coverage", "filecheck (<0.025)", "isort (<5.14)", "lit (<18.2)", "pyright (<1.1.368)", "ruff (<0.5)", "toml (<0.11)"]

[[package]]
name = "immutabledict"
version = "4.2.0"
description = "Immutable wrapper around dictionaries (a fork of frozendict)"
optional = false
python-versions = ">=3.8,<4.0"
files = [
    {file = "immutabledict-4.2.0-py3-none-any.whl", hash = "sha256:d728b2c2410d698d95e6200237feb50a695584d20289ad3379a439aa3d90baba"},
    {file = "immutabledict-4.2.0.tar.gz", hash = "sha256:e003fd81aad2377a5a758bf7e1086cf3b70b63e9a5cc2f46bce8d0a2b4727c5f"},
]

[[package]]
name = "iniconfig"
version = "2.0.0"
description = "brain-dead simple config-ini parsing"
optional = false
python-versions = ">=3.7"
files = [
    {file = "iniconfig-2.0.0-py3-none-any.whl", hash = "sha256:b6a85871a79d2e3b22d2d1b94ac2824226a63c6b741c88f7ae975f18b6778374"},
    {file = "iniconfig-2.0.0.tar.gz", hash = "sha256:2d91e135bf72d31a410b17c16da610a82cb55f6b0477d1a902134b24a455b8b3"},
]

[[package]]
name = "lit"
version = "18.1.8"
description = "A Software Testing Tool"
optional = false
python-versions = "*"
files = [
    {file = "lit-18.1.8-py3-none-any.whl", hash = "sha256:a873ff7acd76e746368da32eb7355625e2e55a2baaab884c9cc130f2ee0300f7"},
    {file = "lit-18.1.8.tar.gz", hash = "sha256:47c174a186941ae830f04ded76a3444600be67d5e5fb8282c3783fba671c4edb"},
]

[[package]]
name = "nodejs-wheel-binaries"
version = "20.17.0"
description = "unoffical Node.js package"
optional = false
python-versions = ">=3.7"
files = [
    {file = "nodejs_wheel_binaries-20.17.0-py2.py3-none-macosx_10_15_x86_64.whl", hash = "sha256:a5eaffb0327d751360e5f01e92f0adeb3b297a9196751bf1dda910b92c9f6f83"},
    {file = "nodejs_wheel_binaries-20.17.0-py2.py3-none-macosx_11_0_arm64.whl", hash = "sha256:a661d2894b11dc886ae8c25727c3cdf1d54db982cdccfcddbb2dfe20dd249f3b"},
    {file = "nodejs_wheel_binaries-20.17.0-py2.py3-none-manylinux_2_17_aarch64.manylinux2014_aarch64.whl", hash = "sha256:e0144c91e9816cda969d78ba0903acc405c99e0a4bfffbdabac6b48b237335e7"},
    {file = "nodejs_wheel_binaries-20.17.0-py2.py3-none-manylinux_2_17_x86_64.manylinux2014_x86_64.whl", hash = "sha256:b87ee7e88bfece2d325949e4f0dedb942b7478c401fc4e6726c5270f5835a02d"},
    {file = "nodejs_wheel_binaries-20.17.0-py2.py3-none-musllinux_1_2_x86_64.whl", hash = "sha256:5b5fb7c51204ad30e9f83ab503f11b17de4bcc1c248314f83ca3302fda24b1a1"},
    {file = "nodejs_wheel_binaries-20.17.0-py2.py3-none-win_amd64.whl", hash = "sha256:931558d528b976eb67ae1f68253df089e9d7d7267b6980fc580bfd31d67a0f5c"},
    {file = "nodejs_wheel_binaries-20.17.0.tar.gz", hash = "sha256:827a3297a99764adfaeb0cd1e9e36d8fb79c5b074de916a2a31b8a61b8d208f7"},
]

[[package]]
name = "ordered-set"
version = "4.1.0"
description = "An OrderedSet is a custom MutableSet that remembers its order, so that every"
optional = false
python-versions = ">=3.7"
files = [
    {file = "ordered-set-4.1.0.tar.gz", hash = "sha256:694a8e44c87657c59292ede72891eb91d34131f6531463aab3009191c77364a8"},
    {file = "ordered_set-4.1.0-py3-none-any.whl", hash = "sha256:046e1132c71fcf3330438a539928932caf51ddbc582496833e23de611de14562"},
]

[package.extras]
dev = ["black", "mypy", "pytest"]

[[package]]
name = "packaging"
version = "24.1"
description = "Core utilities for Python packages"
optional = false
python-versions = ">=3.8"
files = [
    {file = "packaging-24.1-py3-none-any.whl", hash = "sha256:5b8f2217dbdbd2f7f384c41c628544e6d52f2d0f53c6d0c3ea61aa5d1d7ff124"},
    {file = "packaging-24.1.tar.gz", hash = "sha256:026ed72c8ed3fcce5bf8950572258698927fd1dbda10a5e981cdf0ac37f4f002"},
]

[[package]]
name = "pip"
version = "24.2"
description = "The PyPA recommended tool for installing Python packages."
optional = false
python-versions = ">=3.8"
files = [
    {file = "pip-24.2-py3-none-any.whl", hash = "sha256:2cd581cf58ab7fcfca4ce8efa6dcacd0de5bf8d0a3eb9ec927e07405f4d9e2a2"},
    {file = "pip-24.2.tar.gz", hash = "sha256:5b5e490b5e9cb275c879595064adce9ebd31b854e3e803740b72f9ccf34a45b8"},
]

[[package]]
name = "pluggy"
version = "1.5.0"
description = "plugin and hook calling mechanisms for python"
optional = false
python-versions = ">=3.8"
files = [
    {file = "pluggy-1.5.0-py3-none-any.whl", hash = "sha256:44e1ad92c8ca002de6377e165f3e0f1be63266ab4d554740532335b9d75ea669"},
    {file = "pluggy-1.5.0.tar.gz", hash = "sha256:2cffa88e94fdc978c4c574f15f9e59b7f4201d439195c3715ca9e2486f1d0cf1"},
]

[package.extras]
dev = ["pre-commit", "tox"]
testing = ["pytest", "pytest-benchmark"]

[[package]]
name = "pytest"
version = "8.3.2"
description = "pytest: simple powerful testing with Python"
optional = false
python-versions = ">=3.8"
files = [
    {file = "pytest-8.3.2-py3-none-any.whl", hash = "sha256:4ba08f9ae7dcf84ded419494d229b48d0903ea6407b030eaec46df5e6a73bba5"},
    {file = "pytest-8.3.2.tar.gz", hash = "sha256:c132345d12ce551242c87269de812483f5bcc87cdbb4722e48487ba194f9fdce"},
]

[package.dependencies]
colorama = {version = "*", markers = "sys_platform == \"win32\""}
iniconfig = "*"
packaging = "*"
pluggy = ">=1.5,<2"

[package.extras]
dev = ["argcomplete", "attrs (>=19.2)", "hypothesis (>=3.56)", "mock", "pygments (>=2.7.2)", "requests", "setuptools", "xmlschema"]

[[package]]
name = "typing-extensions"
version = "4.12.2"
description = "Backported and Experimental Type Hints for Python 3.8+"
optional = false
python-versions = ">=3.8"
files = [
    {file = "typing_extensions-4.12.2-py3-none-any.whl", hash = "sha256:04e5ca0351e0f3f85c6853954072df659d0d13fac324d0072316b67d7794700d"},
    {file = "typing_extensions-4.12.2.tar.gz", hash = "sha256:1a7ead55c7e559dd4dee8856e3a88b41225abfe1ce8df57b7c13915fe121ffb8"},
]

[[package]]
name = "xdsl"
version = "0.21.1+111.g34d1c598b"
description = "xDSL"
optional = false
python-versions = ">=3.10"
files = []
develop = false

[package.dependencies]
immutabledict = "<4.2.1"
ordered-set = "4.1.0"
typing-extensions = ">=4.7,<4.13"

[package.extras]
dev = ["asv (<0.7)", "coverage (<8.0.0)", "filecheck (==1.0.0)", "ipykernel", "lit (<19.0.0)", "marimo (==0.7.20)", "nbconvert (>=7.7.2,<8.0.0)", "nbval (<0.12)", "pip (<25.0)", "pre-commit (==3.8.0)", "pyright (==1.1.345)", "pytest (<8.4)", "pytest-asyncio (==0.23.8)", "pytest-cov", "ruff (==0.6.0)", "textual-dev (==1.5.1)", "toml (<0.11)"]
gui = ["pyclip (==0.7)", "textual (==0.76.0)"]
jax = ["jax (==0.4.31)"]
onnx = ["onnx (==1.16.2)"]
riscv = ["riscemu (==2.2.7)"]
wgpu = ["wgpu (==0.16.0)"]

[package.source]
type = "git"
url = "https://github.com/xdslproject/xdsl.git"
reference = "main"
resolved_reference = "04fcab76544c9bf6ccf37801077dbef060935e16"

[metadata]
lock-version = "2.0"
python-versions = "^3.11"
content-hash = "66ee9c627a57d023dd3edfd78c9babc261ed2f0ccbd797cb516caf4744dc2480"
